
Microsoft Visual Studio Solution File, Format Version 12.00
# Visual Studio Version 17
VisualStudioVersion = 17.4.33213.308
MinimumVisualStudioVersion = 10.0.40219.1
Project("{FAE04EC0-301F-11D3-BF4B-00C04F79EFBC}") = "reactAspNetCore", "reactAspNetCore\reactAspNetCore.csproj", "{BD721841-0B90-4C30-B12D-CA76790B223A}"
EndProject
Global
	GlobalSection(SolutionConfigurationPlatforms) = preSolution
		Debug|Any CPU = Debug|Any CPU
		Release|Any CPU = Release|Any CPU
	EndGlobalSection
	GlobalSection(ProjectConfigurationPlatforms) = postSolution
		{BD721841-0B90-4C30-B12D-CA76790B223A}.Debug|Any CPU.ActiveCfg = Debug|Any CPU
		{BD721841-0B90-4C30-B12D-CA76790B223A}.Debug|Any CPU.Build.0 = Debug|Any CPU
		{BD721841-0B90-4C30-B12D-CA76790B223A}.Release|Any CPU.ActiveCfg = Release|Any CPU
		{BD721841-0B90-4C30-B12D-CA76790B223A}.Release|Any CPU.Build.0 = Release|Any CPU
	EndGlobalSection
	GlobalSection(SolutionProperties) = preSolution
		HideSolutionNode = FALSE
	EndGlobalSection
	GlobalSection(ExtensibilityGlobals) = postSolution
		SolutionGuid = {85489268-061C-4B5D-968E-4A71EC3F395A}
	EndGlobalSection
EndGlobal
